# This file is automatically @generated by Cargo.
# It is not intended for manual editing.
version = 4

[[package]]
name = "cyflym-codegen"
version = "0.1.0"

[[package]]
name = "cyflym-driver"
version = "0.1.0"

[[package]]
name = "cyflym-ir"
version = "0.1.0"

[[package]]
name = "cyflym-lexer"
version = "0.1.0"

[[package]]
name = "cyflym-parser"
version = "0.1.0"
dependencies = [
 "cyflym-lexer",
]

[[package]]
name = "cyflym-typeck"
version = "0.1.0"
